
Microsoft Visual Studio Solution File, Format Version 12.00
# Visual Studio Version 17
VisualStudioVersion = 17.10.35027.167
MinimumVisualStudioVersion = 10.0.40219.1
Project("{FAE04EC0-301F-11D3-BF4B-00C04F79EFBC}") = "ConfigTestWebAPI", "ConfigTestWebApp\ConfigTestWebAPI.csproj", "{E1A0F078-B5AB-403A-ACFB-B97392A4C106}"
EndProject
Project("{FAE04EC0-301F-11D3-BF4B-00C04F79EFBC}") = "ConfigTest.Infrastructure", "ConfigTest.Core\ConfigTest.Infrastructure.csproj", "{1E5669D0-D22B-4ED5-88DB-3691599A386B}"
EndProject
Global
	GlobalSection(SolutionConfigurationPlatforms) = preSolution
		Debug|Any CPU = Debug|Any CPU
		Release|Any CPU = Release|Any CPU
	EndGlobalSection
	GlobalSection(ProjectConfigurationPlatforms) = postSolution
		{E1A0F078-B5AB-403A-ACFB-B97392A4C106}.Debug|Any CPU.ActiveCfg = Debug|Any CPU
		{E1A0F078-B5AB-403A-ACFB-B97392A4C106}.Debug|Any CPU.Build.0 = Debug|Any CPU
		{E1A0F078-B5AB-403A-ACFB-B97392A4C106}.Release|Any CPU.ActiveCfg = Release|Any CPU
		{E1A0F078-B5AB-403A-ACFB-B97392A4C106}.Release|Any CPU.Build.0 = Release|Any CPU
		{1E5669D0-D22B-4ED5-88DB-3691599A386B}.Debug|Any CPU.ActiveCfg = Debug|Any CPU
		{1E5669D0-D22B-4ED5-88DB-3691599A386B}.Debug|Any CPU.Build.0 = Debug|Any CPU
		{1E5669D0-D22B-4ED5-88DB-3691599A386B}.Release|Any CPU.ActiveCfg = Release|Any CPU
		{1E5669D0-D22B-4ED5-88DB-3691599A386B}.Release|Any CPU.Build.0 = Release|Any CPU
	EndGlobalSection
	GlobalSection(SolutionProperties) = preSolution
		HideSolutionNode = FALSE
	EndGlobalSection
	GlobalSection(ExtensibilityGlobals) = postSolution
		SolutionGuid = {0237C648-A4F3-438A-BE99-2F2BAB5B87D7}
	EndGlobalSection
EndGlobal
